PODS:
  - DynamicButton (3.1.0)
  - Firebase/Core (3.9.0):
    - FirebaseAnalytics (= 3.5.1)
    - FirebaseCore (= 3.4.4)
  - Firebase/Database (3.9.0):
    - Firebase/Core
    - FirebaseDatabase (= 3.1.0)
  - FirebaseAnalytics (3.5.1):
    - FirebaseCore (~> 3.4)
    - FirebaseInstanceID (~> 1.0)
    - GoogleInterchangeUtilities (~> 1.2)
    - GoogleSymbolUtilities (~> 1.1)
    - GoogleToolboxForMac/NSData+zlib (~> 2.1)
  - FirebaseCore (3.4.4):
    - GoogleInterchangeUtilities (~> 1.2)
    - GoogleToolboxForMac/NSData+zlib (~> 2.1)
  - FirebaseDatabase (3.1.0):
    - FirebaseAnalytics (~> 3.4)
  - FirebaseInstanceID (1.0.8)
  - FontAwesome.swift (1.0.0)
  - Former (1.5.1)
  - GoogleInterchangeUtilities (1.2.2):
    - GoogleSymbolUtilities (~> 1.1)
  - GoogleSymbolUtilities (1.1.2)
  - GoogleToolboxForMac/Defines (2.1.0)
  - GoogleToolboxForMac/NSData+zlib (2.1.0):
    - GoogleToolboxForMac/Defines (= 2.1.0)
  - LinearProgressBar (0.0.1)
  - M13Checkbox (3.1.2)
  - MXParallaxHeader (0.6.0)
  - Presentr (1.0.3)
  - SideMenu (2.0.6)
  - Spring (1.0.3)
  - TransitionAnimation (3.1.0):
    - TransitionTreasury (~> 3.1)
  - TransitionTreasury (3.1.0)
  - UIImageView-Letters (1.1.4)

DEPENDENCIES:
  - DynamicButton (~> 3.1.0)
  - Firebase/Core
  - Firebase/Database
  - FontAwesome.swift
  - Former
  - LinearProgressBar
  - M13Checkbox
  - MXParallaxHeader
  - Presentr
  - SideMenu
  - Spring (from `https://github.com/MengTo/Spring.git`, branch `swift3`)
  - TransitionAnimation (~> 3.1.0)
  - TransitionTreasury (~> 3.1.0)
  - UIImageView-Letters

EXTERNAL SOURCES:
  Spring:
    :branch: swift3
    :git: https://github.com/MengTo/Spring.git

CHECKOUT OPTIONS:
  Spring:
    :commit: 3a9227c6e9157e7b47f5ac1ee5abab2a56b50002
    :git: https://github.com/MengTo/Spring.git

SPEC CHECKSUMS:
  DynamicButton: 37968af761a31274aeac427f40204688fa810342
  Firebase: ff77ffb77b317c3720fef57a60e9335cebf962e6
  FirebaseAnalytics: 6e58fc9b397664369ac7617fb0ba93fab6ba7b5b
  FirebaseCore: d0ed25f27b6f9158eccc439f1be6f92e81207e28
  FirebaseDatabase: 3ebb2edb6007c3f0f87b248f3fa212bde56a1468
  FirebaseInstanceID: ba1e640935235e5fac39dfa816fe7660e72e1a8a
  FontAwesome.swift: 2d32a3d62195343c2004b7c9043294ed2948553a
  Former: 0b48a812c0d93b092b908d1b0574d0fd95c6b6f9
  GoogleInterchangeUtilities: d5bc4d88d5b661ab72f9d70c58d02ca8c27ad1f7
  GoogleSymbolUtilities: 631ee17048aa5e9ab133470d768ea997a5ef9b96
  GoogleToolboxForMac: 2b2596cbb7186865e98cadf2b1e262d851c2b168
  LinearProgressBar: 8e88a5891dc964bea3ae88bdd3d5862cd168f628
  M13Checkbox: 7c7c7e8d90f514b6925523531762b768ca778e53
  MXParallaxHeader: 2997592b8349baf8557ae0e4346f6b17e141de39
  Presentr: 9759bf538d9f3211a5ee1314a541a11bbea7ea71
  SideMenu: 90be7a14e9f54eb528f96f2033aa54f2992c5667
  Spring: 3f02b5dc3308572ef177b3cad0fa7bbc4b0706f7
  TransitionAnimation: 251fdfacdf1685b425b85355bf7ab50ce1a1bec0
  TransitionTreasury: d2e901181a157719d4b275638a40ca2d794bc601
  UIImageView-Letters: f62db28076797adf3560ab7410647dc6899b9eef

PODFILE CHECKSUM: db902ac51d325b1708db17dd2c9f37570dca59d0

COCOAPODS: 1.1.1
